// !$*UTF8*$!
{
	archiveVersion = 1;
	classes = {
	};
	objectVersion = 56;
	objects = {

/* Begin PBXBuildFile section */
		CBAD500A2A1E14510017411A /* SwiftyFormApp.swift in Sources */ = {isa = PBXBuildFile; fileRef = CBAD50092A1E14510017411A /* SwiftyFormApp.swift */; };
		CBAD500C2A1E14510017411A /* MainView.swift in Sources */ = {isa = PBXBuildFile; fileRef = CBAD500B2A1E14510017411A /* MainView.swift */; };
		CBAD500E2A1E14520017411A /* Assets.xcassets in Resources */ = {isa = PBXBuildFile; fileRef = CBAD500D2A1E14520017411A /* Assets.xcassets */; };
		CBAD50112A1E14520017411A /* Preview Assets.xcassets in Resources */ = {isa = PBXBuildFile; fileRef = CBAD50102A1E14520017411A /* Preview Assets.xcassets */; };
		CBAE4FD72A1E22A500C00323 /* LoginView.swift in Sources */ = {isa = PBXBuildFile; fileRef = CBAE4FD62A1E22A500C00323 /* LoginView.swift */; };
		CBAE4FD92A1E22B100C00323 /* RegisterView.swift in Sources */ = {isa = PBXBuildFile; fileRef = CBAE4FD82A1E22B100C00323 /* RegisterView.swift */; };
		CBAE4FDB2A1E231000C00323 /* BooksView.swift in Sources */ = {isa = PBXBuildFile; fileRef = CBAE4FDA2A1E231000C00323 /* BooksView.swift */; };
		CBAE4FDE2A1E234100C00323 /* RegisterViewViewModel.swift in Sources */ = {isa = PBXBuildFile; fileRef = CBAE4FDD2A1E234100C00323 /* RegisterViewViewModel.swift */; };
		CBAE4FE02A1E234D00C00323 /* LoginViewViewModel.swift in Sources */ = {isa = PBXBuildFile; fileRef = CBAE4FDF2A1E234D00C00323 /* LoginViewViewModel.swift */; };
		CBAE4FE22A1E235700C00323 /* BooksViewViewModel.swift in Sources */ = {isa = PBXBuildFile; fileRef = CBAE4FE12A1E235700C00323 /* BooksViewViewModel.swift */; };
/* End PBXBuildFile section */

/* Begin PBXFileReference section */
		CBAD50062A1E14510017411A /* SwiftyForm.app */ = {isa = PBXFileReference; explicitFileType = wrapper.application; includeInIndex = 0; path = SwiftyForm.app; sourceTree = BUILT_PRODUCTS_DIR; };
		CBAD50092A1E14510017411A /* SwiftyFormApp.swift */ = {isa = PBXFileReference; lastKnownFileType = sourcecode.swift; path = SwiftyFormApp.swift; sourceTree = "<group>"; };
		CBAD500B2A1E14510017411A /* MainView.swift */ = {isa = PBXFileReference; lastKnownFileType = sourcecode.swift; path = MainView.swift; sourceTree = "<group>"; };
		CBAD500D2A1E14520017411A /* Assets.xcassets */ = {isa = PBXFileReference; lastKnownFileType = folder.assetcatalog; path = Assets.xcassets; sourceTree = "<group>"; };
		CBAD50102A1E14520017411A /* Preview Assets.xcassets */ = {isa = PBXFileReference; lastKnownFileType = folder.assetcatalog; path = "Preview Assets.xcassets"; sourceTree = "<group>"; };
		CBAE4FD62A1E22A500C00323 /* LoginView.swift */ = {isa = PBXFileReference; lastKnownFileType = sourcecode.swift; path = LoginView.swift; sourceTree = "<group>"; };
		CBAE4FD82A1E22B100C00323 /* RegisterView.swift */ = {isa = PBXFileReference; lastKnownFileType = sourcecode.swift; path = RegisterView.swift; sourceTree = "<group>"; };
		CBAE4FDA2A1E231000C00323 /* BooksView.swift */ = {isa = PBXFileReference; lastKnownFileType = sourcecode.swift; path = BooksView.swift; sourceTree = "<group>"; };
		CBAE4FDD2A1E234100C00323 /* RegisterViewViewModel.swift */ = {isa = PBXFileReference; lastKnownFileType = sourcecode.swift; path = RegisterViewViewModel.swift; sourceTree = "<group>"; };
		CBAE4FDF2A1E234D00C00323 /* LoginViewViewModel.swift */ = {isa = PBXFileReference; lastKnownFileType = sourcecode.swift; path = LoginViewViewModel.swift; sourceTree = "<group>"; };
		CBAE4FE12A1E235700C00323 /* BooksViewViewModel.swift */ = {isa = PBXFileReference; lastKnownFileType = sourcecode.swift; path = BooksViewViewModel.swift; sourceTree = "<group>"; };
/* End PBXFileReference section */

/* Begin PBXFrameworksBuildPhase section */
		CBAD50032A1E14510017411A /* Frameworks */ = {
			isa = PBXFrameworksBuildPhase;
			buildActionMask = 2147483647;
			files = (
			);
			runOnlyForDeploymentPostprocessing = 0;
		};
/* End PBXFrameworksBuildPhase section */

/* Begin PBXGroup section */
		CBAD4FFD2A1E14510017411A = {
			isa = PBXGroup;
			children = (
				CBAD50082A1E14510017411A /* SwiftyForm */,
				CBAD50072A1E14510017411A /* Products */,
			);
			sourceTree = "<group>";
		};
		CBAD50072A1E14510017411A /* Products */ = {
			isa = PBXGroup;
			children = (
				CBAD50062A1E14510017411A /* SwiftyForm.app */,
			);
			name = Products;
			sourceTree = "<group>";
		};
		CBAD50082A1E14510017411A /* SwiftyForm */ = {
			isa = PBXGroup;
			children = (
				CBAD501A2A1E14820017411A /* Other */,
				CBAD50192A1E147C0017411A /* Models */,
				CBAD50182A1E146F0017411A /* Views */,
				CBAD50172A1E14650017411A /* ViewModels */,
				CBAD500F2A1E14520017411A /* Preview Content */,
			);
			path = SwiftyForm;
			sourceTree = "<group>";
		};
		CBAD500F2A1E14520017411A /* Preview Content */ = {
			isa = PBXGroup;
			children = (
				CBAD50102A1E14520017411A /* Preview Assets.xcassets */,
			);
			path = "Preview Content";
			sourceTree = "<group>";
		};
		CBAD50172A1E14650017411A /* ViewModels */ = {
			isa = PBXGroup;
			children = (
				CBAE4FDD2A1E234100C00323 /* RegisterViewViewModel.swift */,
				CBAE4FDF2A1E234D00C00323 /* LoginViewViewModel.swift */,
				CBAE4FE12A1E235700C00323 /* BooksViewViewModel.swift */,
			);
			path = ViewModels;
			sourceTree = "<group>";
		};
		CBAD50182A1E146F0017411A /* Views */ = {
			isa = PBXGroup;
			children = (
				CBAE4FD52A1E21D400C00323 /* Components */,
				CBAD500B2A1E14510017411A /* MainView.swift */,
				CBAE4FD62A1E22A500C00323 /* LoginView.swift */,
				CBAE4FD82A1E22B100C00323 /* RegisterView.swift */,
				CBAE4FDA2A1E231000C00323 /* BooksView.swift */,
			);
			path = Views;
			sourceTree = "<group>";
		};
		CBAD50192A1E147C0017411A /* Models */ = {
			isa = PBXGroup;
			children = (
			);
			path = Models;
			sourceTree = "<group>";
		};
		CBAD501A2A1E14820017411A /* Other */ = {
			isa = PBXGroup;
			children = (
				CBAD50092A1E14510017411A /* SwiftyFormApp.swift */,
				CBAD500D2A1E14520017411A /* Assets.xcassets */,
			);
			path = Other;
			sourceTree = "<group>";
		};
		CBAE4FD52A1E21D400C00323 /* Components */ = {
			isa = PBXGroup;
			children = (
			);
			path = Components;
			sourceTree = "<group>";
		};
/* End PBXGroup section */

/* Begin PBXNativeTarget section */
		CBAD50052A1E14510017411A /* SwiftyForm */ = {
			isa = PBXNativeTarget;
			buildConfigurationList = CBAD50142A1E14520017411A /* Build configuration list for PBXNativeTarget "SwiftyForm" */;
			buildPhases = (
				CBAD50022A1E14510017411A /* Sources */,
				CBAD50032A1E14510017411A /* Frameworks */,
				CBAD50042A1E14510017411A /* Resources */,
			);
			buildRules = (
			);
			dependencies = (
			);
			name = SwiftyForm;
			productName = SwiftyForm;
			productReference = CBAD50062A1E14510017411A /* SwiftyForm.app */;
			productType = "com.apple.product-type.application";
		};
/* End PBXNativeTarget section */

/* Begin PBXProject section */
		CBAD4FFE2A1E14510017411A /* Project object */ = {
			isa = PBXProject;
			attributes = {
				BuildIndependentTargetsInParallel = 1;
				LastSwiftUpdateCheck = 1430;
				LastUpgradeCheck = 1430;
				TargetAttributes = {
					CBAD50052A1E14510017411A = {
						CreatedOnToolsVersion = 14.3;
					};
				};
			};
			buildConfigurationList = CBAD50012A1E14510017411A /* Build configuration list for PBXProject "SwiftyForm" */;
			compatibilityVersion = "Xcode 14.0";
			developmentRegion = en;
			hasScannedForEncodings = 0;
			knownRegions = (
				en,
				Base,
			);
			mainGroup = CBAD4FFD2A1E14510017411A;
			productRefGroup = CBAD50072A1E14510017411A /* Products */;
			projectDirPath = "";
			projectRoot = "";
			targets = (
				CBAD50052A1E14510017411A /* SwiftyForm */,
			);
		};
/* End PBXProject section */

/* Begin PBXResourcesBuildPhase section */
		CBAD50042A1E14510017411A /* Resources */ = {
			isa = PBXResourcesBuildPhase;
			buildActionMask = 2147483647;
			files = (
				CBAD50112A1E14520017411A /* Preview Assets.xcassets in Resources */,
				CBAD500E2A1E14520017411A /* Assets.xcassets in Resources */,
			);
			runOnlyForDeploymentPostprocessing = 0;
		};
/* End PBXResourcesBuildPhase section */

/* Begin PBXSourcesBuildPhase section */
		CBAD50022A1E14510017411A /* Sources */ = {
			isa = PBXSourcesBuildPhase;
			buildActionMask = 2147483647;
			files = (
				CBAE4FE22A1E235700C00323 /* BooksViewViewModel.swift in Sources */,
				CBAE4FD72A1E22A500C00323 /* LoginView.swift in Sources */,
				CBAE4FE02A1E234D00C00323 /* LoginViewViewModel.swift in Sources */,
				CBAE4FD92A1E22B100C00323 /* RegisterView.swift in Sources */,
				CBAE4FDE2A1E234100C00323 /* RegisterViewViewModel.swift in Sources */,
				CBAE4FDB2A1E231000C00323 /* BooksView.swift in Sources */,
				CBAD500C2A1E14510017411A /* MainView.swift in Sources */,
				CBAD500A2A1E14510017411A /* SwiftyFormApp.swift in Sources */,
			);
			runOnlyForDeploymentPostprocessing = 0;
		};
/* End PBXSourcesBuildPhase section */

/* Begin XCBuildConfiguration section */
		CBAD50122A1E14520017411A /* Debug */ = {
			isa = XCBuildConfiguration;
			buildSettings = {
				ALWAYS_SEARCH_USER_PATHS = NO;
				CLANG_ANALYZER_NONNULL = YES;
				CLANG_ANALYZER_NUMBER_OBJECT_CONVERSION = YES_AGGRESSIVE;
				CLANG_CXX_LANGUAGE_STANDARD = "gnu++20";
				CLANG_ENABLE_MODULES = YES;
				CLANG_ENABLE_OBJC_ARC = YES;
				CLANG_ENABLE_OBJC_WEAK = YES;
				CLANG_WARN_BLOCK_CAPTURE_AUTORELEASING = YES;
				CLANG_WARN_BOOL_CONVERSION = YES;
				CLANG_WARN_COMMA = YES;
				CLANG_WARN_CONSTANT_CONVERSION = YES;
				CLANG_WARN_DEPRECATED_OBJC_IMPLEMENTATIONS = YES;
				CLANG_WARN_DIRECT_OBJC_ISA_USAGE = YES_ERROR;
				CLANG_WARN_DOCUMENTATION_COMMENTS = YES;
				CLANG_WARN_EMPTY_BODY = YES;
				CLANG_WARN_ENUM_CONVERSION = YES;
				CLANG_WARN_INFINITE_RECURSION = YES;
				CLANG_WARN_INT_CONVERSION = YES;
				CLANG_WARN_NON_LITERAL_NULL_CONVERSION = YES;
				CLANG_WARN_OBJC_IMPLICIT_RETAIN_SELF = YES;
				CLANG_WARN_OBJC_LITERAL_CONVERSION = YES;
				CLANG_WARN_OBJC_ROOT_CLASS = YES_ERROR;
				CLANG_WARN_QUOTED_INCLUDE_IN_FRAMEWORK_HEADER = YES;
				CLANG_WARN_RANGE_LOOP_ANALYSIS = YES;
				CLANG_WARN_STRICT_PROTOTYPES = YES;
				CLANG_WARN_SUSPICIOUS_MOVE = YES;
				CLANG_WARN_UNGUARDED_AVAILABILITY = YES_AGGRESSIVE;
				CLANG_WARN_UNREACHABLE_CODE = YES;
				CLANG_WARN__DUPLICATE_METHOD_MATCH = YES;
				COPY_PHASE_STRIP = NO;
				DEBUG_INFORMATION_FORMAT = dwarf;
				ENABLE_STRICT_OBJC_MSGSEND = YES;
				ENABLE_TESTABILITY = YES;
				GCC_C_LANGUAGE_STANDARD = gnu11;
				GCC_DYNAMIC_NO_PIC = NO;
				GCC_NO_COMMON_BLOCKS = YES;
				GCC_OPTIMIZATION_LEVEL = 0;
				GCC_PREPROCESSOR_DEFINITIONS = (
					"DEBUG=1",
					"$(inherited)",
				);
				GCC_WARN_64_TO_32_BIT_CONVERSION = YES;
				GCC_WARN_ABOUT_RETURN_TYPE = YES_ERROR;
				GCC_WARN_UNDECLARED_SELECTOR = YES;
				GCC_WARN_UNINITIALIZED_AUTOS = YES_AGGRESSIVE;
				GCC_WARN_UNUSED_FUNCTION = YES;
				GCC_WARN_UNUSED_VARIABLE = YES;
				IPHONEOS_DEPLOYMENT_TARGET = 16.4;
				MTL_ENABLE_DEBUG_INFO = INCLUDE_SOURCE;
				MTL_FAST_MATH = YES;
				ONLY_ACTIVE_ARCH = YES;
				SDKROOT = iphoneos;
				SWIFT_ACTIVE_COMPILATION_CONDITIONS = DEBUG;
				SWIFT_OPTIMIZATION_LEVEL = "-Onone";
			};
			name = Debug;
		};
		CBAD50132A1E14520017411A /* Release */ = {
			isa = XCBuildConfiguration;
			buildSettings = {
				ALWAYS_SEARCH_USER_PATHS = NO;
				CLANG_ANALYZER_NONNULL = YES;
				CLANG_ANALYZER_NUMBER_OBJECT_CONVERSION = YES_AGGRESSIVE;
				CLANG_CXX_LANGUAGE_STANDARD = "gnu++20";
				CLANG_ENABLE_MODULES = YES;
				CLANG_ENABLE_OBJC_ARC = YES;
				CLANG_ENABLE_OBJC_WEAK = YES;
				CLANG_WARN_BLOCK_CAPTURE_AUTORELEASING = YES;
				CLANG_WARN_BOOL_CONVERSION = YES;
				CLANG_WARN_COMMA = YES;
				CLANG_WARN_CONSTANT_CONVERSION = YES;
				CLANG_WARN_DEPRECATED_OBJC_IMPLEMENTATIONS = YES;
				CLANG_WARN_DIRECT_OBJC_ISA_USAGE = YES_ERROR;
				CLANG_WARN_DOCUMENTATION_COMMENTS = YES;
				CLANG_WARN_EMPTY_BODY = YES;
				CLANG_WARN_ENUM_CONVERSION = YES;
				CLANG_WARN_INFINITE_RECURSION = YES;
				CLANG_WARN_INT_CONVERSION = YES;
				CLANG_WARN_NON_LITERAL_NULL_CONVERSION = YES;
				CLANG_WARN_OBJC_IMPLICIT_RETAIN_SELF = YES;
				CLANG_WARN_OBJC_LITERAL_CONVERSION = YES;
				CLANG_WARN_OBJC_ROOT_CLASS = YES_ERROR;
				CLANG_WARN_QUOTED_INCLUDE_IN_FRAMEWORK_HEADER = YES;
				CLANG_WARN_RANGE_LOOP_ANALYSIS = YES;
				CLANG_WARN_STRICT_PROTOTYPES = YES;
				CLANG_WARN_SUSPICIOUS_MOVE = YES;
				CLANG_WARN_UNGUARDED_AVAILABILITY = YES_AGGRESSIVE;
				CLANG_WARN_UNREACHABLE_CODE = YES;
				CLANG_WARN__DUPLICATE_METHOD_MATCH = YES;
				COPY_PHASE_STRIP = NO;
				DEBUG_INFORMATION_FORMAT = "dwarf-with-dsym";
				ENABLE_NS_ASSERTIONS = NO;
				ENABLE_STRICT_OBJC_MSGSEND = YES;
				GCC_C_LANGUAGE_STANDARD = gnu11;
				GCC_NO_COMMON_BLOCKS = YES;
				GCC_WARN_64_TO_32_BIT_CONVERSION = YES;
				GCC_WARN_ABOUT_RETURN_TYPE = YES_ERROR;
				GCC_WARN_UNDECLARED_SELECTOR = YES;
				GCC_WARN_UNINITIALIZED_AUTOS = YES_AGGRESSIVE;
				GCC_WARN_UNUSED_FUNCTION = YES;
				GCC_WARN_UNUSED_VARIABLE = YES;
				IPHONEOS_DEPLOYMENT_TARGET = 16.4;
				MTL_ENABLE_DEBUG_INFO = NO;
				MTL_FAST_MATH = YES;
				SDKROOT = iphoneos;
				SWIFT_COMPILATION_MODE = wholemodule;
				SWIFT_OPTIMIZATION_LEVEL = "-O";
				VALIDATE_PRODUCT = YES;
			};
			name = Release;
		};
		CBAD50152A1E14520017411A /* Debug */ = {
			isa = XCBuildConfiguration;
			buildSettings = {
				ASSETCATALOG_COMPILER_APPICON_NAME = AppIcon;
				ASSETCATALOG_COMPILER_GLOBAL_ACCENT_COLOR_NAME = AccentColor;
				CODE_SIGN_STYLE = Automatic;
				CURRENT_PROJECT_VERSION = 1;
				DEVELOPMENT_ASSET_PATHS = "\"SwiftyForm/Preview Content\"";
				DEVELOPMENT_TEAM = G5MBR5CGM9;
				ENABLE_PREVIEWS = YES;
				GENERATE_INFOPLIST_FILE = YES;
				INFOPLIST_KEY_UIApplicationSceneManifest_Generation = YES;
				INFOPLIST_KEY_UIApplicationSupportsIndirectInputEvents = YES;
				INFOPLIST_KEY_UILaunchScreen_Generation = YES;
				INFOPLIST_KEY_UISupportedInterfaceOrientations = UIInterfaceOrientationPortrait;
				LD_RUNPATH_SEARCH_PATHS = (
					"$(inherited)",
					"@executable_path/Frameworks",
				);
				MARKETING_VERSION = 1.0;
				PRODUCT_BUNDLE_IDENTIFIER = tebeloper.dev.SwiftyForm;
				PRODUCT_NAME = "$(TARGET_NAME)";
				SWIFT_EMIT_LOC_STRINGS = YES;
				SWIFT_VERSION = 5.0;
				TARGETED_DEVICE_FAMILY = "1,2";
			};
			name = Debug;
		};
		CBAD50162A1E14520017411A /* Release */ = {
			isa = XCBuildConfiguration;
			buildSettings = {
				ASSETCATALOG_COMPILER_APPICON_NAME = AppIcon;
				ASSETCATALOG_COMPILER_GLOBAL_ACCENT_COLOR_NAME = AccentColor;
				CODE_SIGN_STYLE = Automatic;
				CURRENT_PROJECT_VERSION = 1;
				DEVELOPMENT_ASSET_PATHS = "\"SwiftyForm/Preview Content\"";
				DEVELOPMENT_TEAM = G5MBR5CGM9;
				ENABLE_PREVIEWS = YES;
				GENERATE_INFOPLIST_FILE = YES;
				INFOPLIST_KEY_UIApplicationSceneManifest_Generation = YES;
				INFOPLIST_KEY_UIApplicationSupportsIndirectInputEvents = YES;
				INFOPLIST_KEY_UILaunchScreen_Generation = YES;
				INFOPLIST_KEY_UISupportedInterfaceOrientations = UIInterfaceOrientationPortrait;
				LD_RUNPATH_SEARCH_PATHS = (
					"$(inherited)",
					"@executable_path/Frameworks",
				);
				MARKETING_VERSION = 1.0;
				PRODUCT_BUNDLE_IDENTIFIER = tebeloper.dev.SwiftyForm;
				PRODUCT_NAME = "$(TARGET_NAME)";
				SWIFT_EMIT_LOC_STRINGS = YES;
				SWIFT_VERSION = 5.0;
				TARGETED_DEVICE_FAMILY = "1,2";
			};
			name = Release;
		};
/* End XCBuildConfiguration section */

/* Begin XCConfigurationList section */
		CBAD50012A1E14510017411A /* Build configuration list for PBXProject "SwiftyForm" */ = {
			isa = XCConfigurationList;
			buildConfigurations = (
				CBAD50122A1E14520017411A /* Debug */,
				CBAD50132A1E14520017411A /* Release */,
			);
			defaultConfigurationIsVisible = 0;
			defaultConfigurationName = Release;
		};
		CBAD50142A1E14520017411A /* Build configuration list for PBXNativeTarget "SwiftyForm" */ = {
			isa = XCConfigurationList;
			buildConfigurations = (
				CBAD50152A1E14520017411A /* Debug */,
				CBAD50162A1E14520017411A /* Release */,
			);
			defaultConfigurationIsVisible = 0;
			defaultConfigurationName = Release;
		};
/* End XCConfigurationList section */
	};
	rootObject = CBAD4FFE2A1E14510017411A /* Project object */;
}
